Microsoft Visual Studio Solution File, Format Version 8.00
Project("{8BC9CEB8-8B4A-11D0-8D11-00A0C91BC942}") = "afront", "afront.vcproj", "{371F67A3-493C-4826-99D0-3DA31D49E2AB}"
	ProjectSection(ProjectDependencies) = postProject
		{04AA2877-A63A-46B3-AE5F-1D532DC6FD77} = {04AA2877-A63A-46B3-AE5F-1D532DC6FD77}
		{0E9E8497-AB58-4D7B-9D7B-5047D699CE58} = {0E9E8497-AB58-4D7B-9D7B-5047D699CE58}
		{C2DBAEA2-DA61-4682-A596-1531991AAFF0} = {C2DBAEA2-DA61-4682-A596-1531991AAFF0}
		{4B7632BD-A896-493D-AE68-C251E6544B78} = {4B7632BD-A896-493D-AE68-C251E6544B78}
		{4C68FCBE-6B4F-47D0-AFFF-D443DC560BF1} = {4C68FCBE-6B4F-47D0-AFFF-D443DC560BF1}
	EndProjectSection
EndProject
Project("{8BC9CEB8-8B4A-11D0-8D11-00A0C91BC942}") = "gtb", "..\gtb\gtb.vcproj", "{4C68FCBE-6B4F-47D0-AFFF-D443DC560BF1}"
	ProjectSection(ProjectDependencies) = postProject
	EndProjectSection
EndProject
Project("{8BC9CEB8-8B4A-11D0-8D11-00A0C91BC942}") = "mlslib", "..\lib\mlslib\mlslib.vcproj", "{C2DBAEA2-DA61-4682-A596-1531991AAFF0}"
	ProjectSection(ProjectDependencies) = postProject
		{4C68FCBE-6B4F-47D0-AFFF-D443DC560BF1} = {4C68FCBE-6B4F-47D0-AFFF-D443DC560BF1}
	EndProjectSection
EndProject
Project("{8BC9CEB8-8B4A-11D0-8D11-00A0C91BC942}") = "elib", "..\Shachar\DBE\elib\elib.vcproj", "{0E9E8497-AB58-4D7B-9D7B-5047D699CE58}"
	ProjectSection(ProjectDependencies) = postProject
	EndProjectSection
EndProject
Project("{8BC9CEB8-8B4A-11D0-8D11-00A0C91BC942}") = "Threadslib", "..\lib\ThreadLib\Threadslib.vcproj", "{04AA2877-A63A-46B3-AE5F-1D532DC6FD77}"
	ProjectSection(ProjectDependencies) = postProject
	EndProjectSection
EndProject
Project("{8BC9CEB8-8B4A-11D0-8D11-00A0C91BC942}") = "viewer", "..\lib\viewer\viewer.vcproj", "{4B7632BD-A896-493D-AE68-C251E6544B78}"
	ProjectSection(ProjectDependencies) = postProject
		{04AA2877-A63A-46B3-AE5F-1D532DC6FD77} = {04AA2877-A63A-46B3-AE5F-1D532DC6FD77}
		{4C68FCBE-6B4F-47D0-AFFF-D443DC560BF1} = {4C68FCBE-6B4F-47D0-AFFF-D443DC560BF1}
	EndProjectSection
EndProject
Global
	GlobalSection(SolutionConfiguration) = preSolution
		Debug = Debug
		Release = Release
	EndGlobalSection
	GlobalSection(ProjectConfiguration) = postSolution
		{371F67A3-493C-4826-99D0-3DA31D49E2AB}.Debug.ActiveCfg = Debug|Win32
		{371F67A3-493C-4826-99D0-3DA31D49E2AB}.Debug.Build.0 = Debug|Win32
		{371F67A3-493C-4826-99D0-3DA31D49E2AB}.Release.ActiveCfg = Release|Win32
		{371F67A3-493C-4826-99D0-3DA31D49E2AB}.Release.Build.0 = Release|Win32
		{4C68FCBE-6B4F-47D0-AFFF-D443DC560BF1}.Debug.ActiveCfg = Debug|Win32
		{4C68FCBE-6B4F-47D0-AFFF-D443DC560BF1}.Debug.Build.0 = Debug|Win32
		{4C68FCBE-6B4F-47D0-AFFF-D443DC560BF1}.Release.ActiveCfg = Release|Win32
		{4C68FCBE-6B4F-47D0-AFFF-D443DC560BF1}.Release.Build.0 = Release|Win32
		{C2DBAEA2-DA61-4682-A596-1531991AAFF0}.Debug.ActiveCfg = Debug|Win32
		{C2DBAEA2-DA61-4682-A596-1531991AAFF0}.Debug.Build.0 = Debug|Win32
		{C2DBAEA2-DA61-4682-A596-1531991AAFF0}.Release.ActiveCfg = Release|Win32
		{C2DBAEA2-DA61-4682-A596-1531991AAFF0}.Release.Build.0 = Release|Win32
		{0E9E8497-AB58-4D7B-9D7B-5047D699CE58}.Debug.ActiveCfg = Debug|Win32
		{0E9E8497-AB58-4D7B-9D7B-5047D699CE58}.Debug.Build.0 = Debug|Win32
		{0E9E8497-AB58-4D7B-9D7B-5047D699CE58}.Release.ActiveCfg = Release|Win32
		{0E9E8497-AB58-4D7B-9D7B-5047D699CE58}.Release.Build.0 = Release|Win32
		{04AA2877-A63A-46B3-AE5F-1D532DC6FD77}.Debug.ActiveCfg = Debug|Win32
		{04AA2877-A63A-46B3-AE5F-1D532DC6FD77}.Debug.Build.0 = Debug|Win32
		{04AA2877-A63A-46B3-AE5F-1D532DC6FD77}.Release.ActiveCfg = Release|Win32
		{04AA2877-A63A-46B3-AE5F-1D532DC6FD77}.Release.Build.0 = Release|Win32
		{4B7632BD-A896-493D-AE68-C251E6544B78}.Debug.ActiveCfg = Debug|Win32
		{4B7632BD-A896-493D-AE68-C251E6544B78}.Debug.Build.0 = Debug|Win32
		{4B7632BD-A896-493D-AE68-C251E6544B78}.Release.ActiveCfg = Release|Win32
		{4B7632BD-A896-493D-AE68-C251E6544B78}.Release.Build.0 = Release|Win32
	EndGlobalSection
	GlobalSection(ExtensibilityGlobals) = postSolution
	EndGlobalSection
	GlobalSection(ExtensibilityAddIns) = postSolution
	EndGlobalSection
EndGlobal
