Microsoft Visual Studio Solution File, Format Version 8.00
Project("{8BC9CEB8-8B4A-11D0-8D11-00A0C91BC942}") = "camcalib", "..\PROGRAMS\camcalib\camcalib.vcproj", "{FC41CA77-17A1-42D4-99D9-D61066AD2664}"
	ProjectSection(ProjectDependencies) = postProject
		{A61ADEC7-74BB-4E44-BD12-D4657970F9AF} = {A61ADEC7-74BB-4E44-BD12-D4657970F9AF}
	EndProjectSection
EndProject
Project("{8BC9CEB8-8B4A-11D0-8D11-00A0C91BC942}") = "consistentorientation", "..\programs\mlstexture\consistentorientation.vcproj", "{40444CE4-54DD-4EC3-89A6-16B9982C8CE7}"
	ProjectSection(ProjectDependencies) = postProject
		{D80DF493-E90F-4AD7-BF5C-6152B177A44D} = {D80DF493-E90F-4AD7-BF5C-6152B177A44D}
		{A61ADEC7-74BB-4E44-BD12-D4657970F9AF} = {A61ADEC7-74BB-4E44-BD12-D4657970F9AF}
	EndProjectSection
EndProject
Project("{8BC9CEB8-8B4A-11D0-8D11-00A0C91BC942}") = "copyorientation", "..\programs\mlstexture\copyorientation.vcproj", "{5D968A73-E7F3-4ED8-A7B8-4E19AA8E359E}"
	ProjectSection(ProjectDependencies) = postProject
		{D80DF493-E90F-4AD7-BF5C-6152B177A44D} = {D80DF493-E90F-4AD7-BF5C-6152B177A44D}
		{A61ADEC7-74BB-4E44-BD12-D4657970F9AF} = {A61ADEC7-74BB-4E44-BD12-D4657970F9AF}
	EndProjectSection
EndProject
Project("{8BC9CEB8-8B4A-11D0-8D11-00A0C91BC942}") = "flattest", "..\programs\tests\flattest.vcproj", "{C102DE8E-0D2E-482B-88F9-D7CB052CED40}"
	ProjectSection(ProjectDependencies) = postProject
		{D80DF493-E90F-4AD7-BF5C-6152B177A44D} = {D80DF493-E90F-4AD7-BF5C-6152B177A44D}
		{A61ADEC7-74BB-4E44-BD12-D4657970F9AF} = {A61ADEC7-74BB-4E44-BD12-D4657970F9AF}
	EndProjectSection
EndProject
Project("{8BC9CEB8-8B4A-11D0-8D11-00A0C91BC942}") = "gtb", "gtb.vcproj", "{A61ADEC7-74BB-4E44-BD12-D4657970F9AF}"
	ProjectSection(ProjectDependencies) = postProject
	EndProjectSection
EndProject
Project("{8BC9CEB8-8B4A-11D0-8D11-00A0C91BC942}") = "hierarchy2color", "..\programs\mlscompress\hierarchy2color.vcproj", "{CB9245B6-A51F-467E-98E3-875B23368C90}"
	ProjectSection(ProjectDependencies) = postProject
		{D80DF493-E90F-4AD7-BF5C-6152B177A44D} = {D80DF493-E90F-4AD7-BF5C-6152B177A44D}
		{A61ADEC7-74BB-4E44-BD12-D4657970F9AF} = {A61ADEC7-74BB-4E44-BD12-D4657970F9AF}
	EndProjectSection
EndProject
Project("{8BC9CEB8-8B4A-11D0-8D11-00A0C91BC942}") = "ico", "..\PROGRAMS\ico\ico.vcproj", "{AF4FB039-F6A3-4969-A2BA-B553313D9058}"
	ProjectSection(ProjectDependencies) = postProject
		{A61ADEC7-74BB-4E44-BD12-D4657970F9AF} = {A61ADEC7-74BB-4E44-BD12-D4657970F9AF}
	EndProjectSection
EndProject
Project("{8BC9CEB8-8B4A-11D0-8D11-00A0C91BC942}") = "imagelib", "..\imagelib\imagelib.vcproj", "{54ACFCB9-8F7F-4E2D-88A4-89A19882B9AD}"
	ProjectSection(ProjectDependencies) = postProject
	EndProjectSection
EndProject
Project("{8BC9CEB8-8B4A-11D0-8D11-00A0C91BC942}") = "img2off", "..\programs\tools\img2off.vcproj", "{55CBF245-1423-4194-8BE4-59FF73CA7BCF}"
	ProjectSection(ProjectDependencies) = postProject
		{A61ADEC7-74BB-4E44-BD12-D4657970F9AF} = {A61ADEC7-74BB-4E44-BD12-D4657970F9AF}
	EndProjectSection
EndProject
Project("{8BC9CEB8-8B4A-11D0-8D11-00A0C91BC942}") = "kdtest", "..\programs\tools\kdtest.vcproj", "{CD342996-A57B-4667-BECC-2ADDE34E64A7}"
	ProjectSection(ProjectDependencies) = postProject
		{D80DF493-E90F-4AD7-BF5C-6152B177A44D} = {D80DF493-E90F-4AD7-BF5C-6152B177A44D}
		{A61ADEC7-74BB-4E44-BD12-D4657970F9AF} = {A61ADEC7-74BB-4E44-BD12-D4657970F9AF}
	EndProjectSection
EndProject
Project("{8BC9CEB8-8B4A-11D0-8D11-00A0C91BC942}") = "mlsaddpoints", "..\programs\mlsaddpoints\mlsaddpoints.vcproj", "{82F4D9B7-3E85-4CC1-8898-198883CB4769}"
	ProjectSection(ProjectDependencies) = postProject
		{D80DF493-E90F-4AD7-BF5C-6152B177A44D} = {D80DF493-E90F-4AD7-BF5C-6152B177A44D}
		{A61ADEC7-74BB-4E44-BD12-D4657970F9AF} = {A61ADEC7-74BB-4E44-BD12-D4657970F9AF}
	EndProjectSection
EndProject
Project("{8BC9CEB8-8B4A-11D0-8D11-00A0C91BC942}") = "mlscompress", "..\programs\mlscompress\mlscompress.vcproj", "{EBF02FDD-AD92-4813-9A4B-1EDDFB157151}"
	ProjectSection(ProjectDependencies) = postProject
		{D80DF493-E90F-4AD7-BF5C-6152B177A44D} = {D80DF493-E90F-4AD7-BF5C-6152B177A44D}
		{A61ADEC7-74BB-4E44-BD12-D4657970F9AF} = {A61ADEC7-74BB-4E44-BD12-D4657970F9AF}
	EndProjectSection
EndProject
Project("{8BC9CEB8-8B4A-11D0-8D11-00A0C91BC942}") = "mlsdebug", "..\programs\mlsdebug\mlsdebug.vcproj", "{31340F68-2C73-4563-B24B-185EA1360D61}"
	ProjectSection(ProjectDependencies) = postProject
		{D80DF493-E90F-4AD7-BF5C-6152B177A44D} = {D80DF493-E90F-4AD7-BF5C-6152B177A44D}
		{A61ADEC7-74BB-4E44-BD12-D4657970F9AF} = {A61ADEC7-74BB-4E44-BD12-D4657970F9AF}
	EndProjectSection
EndProject
Project("{8BC9CEB8-8B4A-11D0-8D11-00A0C91BC942}") = "mlsdebugSharp", "..\programs\mlsDebugSharp\mlsdebugSharp.vcproj", "{E3E2F9B0-A457-4903-A51F-DCB410A98923}"
	ProjectSection(ProjectDependencies) = postProject
		{D80DF493-E90F-4AD7-BF5C-6152B177A44D} = {D80DF493-E90F-4AD7-BF5C-6152B177A44D}
		{A61ADEC7-74BB-4E44-BD12-D4657970F9AF} = {A61ADEC7-74BB-4E44-BD12-D4657970F9AF}
	EndProjectSection
EndProject
Project("{8BC9CEB8-8B4A-11D0-8D11-00A0C91BC942}") = "mlsdecode", "..\programs\mlscompress\mlsdecode.vcproj", "{0AFAB16B-4243-413F-BCB8-6B4339748995}"
	ProjectSection(ProjectDependencies) = postProject
		{D80DF493-E90F-4AD7-BF5C-6152B177A44D} = {D80DF493-E90F-4AD7-BF5C-6152B177A44D}
		{A61ADEC7-74BB-4E44-BD12-D4657970F9AF} = {A61ADEC7-74BB-4E44-BD12-D4657970F9AF}
	EndProjectSection
EndProject
Project("{8BC9CEB8-8B4A-11D0-8D11-00A0C91BC942}") = "mlslib", "..\mls\mlslib.vcproj", "{D80DF493-E90F-4AD7-BF5C-6152B177A44D}"
	ProjectSection(ProjectDependencies) = postProject
	EndProjectSection
EndProject
Project("{8BC9CEB8-8B4A-11D0-8D11-00A0C91BC942}") = "mlspatchify", "..\programs\mlspatchify\mlspatchify.vcproj", "{C26C4FAA-2727-45EE-9A7C-FD5249308B70}"
	ProjectSection(ProjectDependencies) = postProject
		{D80DF493-E90F-4AD7-BF5C-6152B177A44D} = {D80DF493-E90F-4AD7-BF5C-6152B177A44D}
		{A61ADEC7-74BB-4E44-BD12-D4657970F9AF} = {A61ADEC7-74BB-4E44-BD12-D4657970F9AF}
	EndProjectSection
EndProject
Project("{8BC9CEB8-8B4A-11D0-8D11-00A0C91BC942}") = "mlspre", "..\programs\mlstexture\mlspre.vcproj", "{67139404-A9A7-4795-A6F3-0DCEB6C2C26F}"
	ProjectSection(ProjectDependencies) = postProject
		{D80DF493-E90F-4AD7-BF5C-6152B177A44D} = {D80DF493-E90F-4AD7-BF5C-6152B177A44D}
		{A61ADEC7-74BB-4E44-BD12-D4657970F9AF} = {A61ADEC7-74BB-4E44-BD12-D4657970F9AF}
	EndProjectSection
EndProject
Project("{8BC9CEB8-8B4A-11D0-8D11-00A0C91BC942}") = "mlssmooth", "..\programs\mlssmooth\mlssmooth.vcproj", "{1FF6C7C2-314D-4D37-9C53-DC0105400035}"
	ProjectSection(ProjectDependencies) = postProject
		{D80DF493-E90F-4AD7-BF5C-6152B177A44D} = {D80DF493-E90F-4AD7-BF5C-6152B177A44D}
		{A61ADEC7-74BB-4E44-BD12-D4657970F9AF} = {A61ADEC7-74BB-4E44-BD12-D4657970F9AF}
	EndProjectSection
EndProject
Project("{8BC9CEB8-8B4A-11D0-8D11-00A0C91BC942}") = "mlstexture", "..\programs\mlstexture\mlstexture.vcproj", "{70068930-1E8C-4C7C-B230-43A58D1D83E4}"
	ProjectSection(ProjectDependencies) = postProject
		{D80DF493-E90F-4AD7-BF5C-6152B177A44D} = {D80DF493-E90F-4AD7-BF5C-6152B177A44D}
		{A61ADEC7-74BB-4E44-BD12-D4657970F9AF} = {A61ADEC7-74BB-4E44-BD12-D4657970F9AF}
	EndProjectSection
EndProject
Project("{8BC9CEB8-8B4A-11D0-8D11-00A0C91BC942}") = "obj2bin", "..\programs\mlscompress\obj2bin.vcproj", "{62082806-F2E8-40EE-A2FE-588EB0BC175A}"
	ProjectSection(ProjectDependencies) = postProject
		{A61ADEC7-74BB-4E44-BD12-D4657970F9AF} = {A61ADEC7-74BB-4E44-BD12-D4657970F9AF}
	EndProjectSection
EndProject
Project("{8BC9CEB8-8B4A-11D0-8D11-00A0C91BC942}") = "objdiff", "..\programs\DataGen\objdiff.vcproj", "{E6FF683E-E369-4CB7-88C1-D46354DCD584}"
	ProjectSection(ProjectDependencies) = postProject
		{A61ADEC7-74BB-4E44-BD12-D4657970F9AF} = {A61ADEC7-74BB-4E44-BD12-D4657970F9AF}
	EndProjectSection
EndProject
Project("{8BC9CEB8-8B4A-11D0-8D11-00A0C91BC942}") = "off2obj", "..\programs\rtpitools\off2obj.vcproj", "{3B0BAC4D-CB1D-4CE7-8520-7A3D05DFD3F2}"
	ProjectSection(ProjectDependencies) = postProject
		{A61ADEC7-74BB-4E44-BD12-D4657970F9AF} = {A61ADEC7-74BB-4E44-BD12-D4657970F9AF}
	EndProjectSection
EndProject
Project("{8BC9CEB8-8B4A-11D0-8D11-00A0C91BC942}") = "offsubdiv", "..\programs\offsubdiv\offsubdiv.vcproj", "{0AD29162-11AC-4F75-A451-62968B15A41B}"
	ProjectSection(ProjectDependencies) = postProject
	EndProjectSection
EndProject
Project("{8BC9CEB8-8B4A-11D0-8D11-00A0C91BC942}") = "offview", "..\programs\offview\offview.vcproj", "{32DDA2AF-31B1-4BF0-92B9-C579851A417F}"
	ProjectSection(ProjectDependencies) = postProject
		{A61ADEC7-74BB-4E44-BD12-D4657970F9AF} = {A61ADEC7-74BB-4E44-BD12-D4657970F9AF}
	EndProjectSection
EndProject
Project("{8BC9CEB8-8B4A-11D0-8D11-00A0C91BC942}") = "ply2off", "..\programs\ply2off\ply2off.vcproj", "{AABAE423-B7AB-456C-88F5-870B6E7D7AB9}"
	ProjectSection(ProjectDependencies) = postProject
		{A61ADEC7-74BB-4E44-BD12-D4657970F9AF} = {A61ADEC7-74BB-4E44-BD12-D4657970F9AF}
	EndProjectSection
EndProject
Project("{8BC9CEB8-8B4A-11D0-8D11-00A0C91BC942}") = "pointsdistribution", "..\programs\pointsdistribution\pointsdistribution.vcproj", "{FC625431-4763-4202-9A7E-EE06DAAFA246}"
	ProjectSection(ProjectDependencies) = postProject
		{A61ADEC7-74BB-4E44-BD12-D4657970F9AF} = {A61ADEC7-74BB-4E44-BD12-D4657970F9AF}
	EndProjectSection
EndProject
Project("{8BC9CEB8-8B4A-11D0-8D11-00A0C91BC942}") = "prepulse", "..\PROGRAMS\prepulse\prepulse.vcproj", "{137FEA3F-A466-4B0A-911F-5B4ECBFBBE0B}"
	ProjectSection(ProjectDependencies) = postProject
		{D80DF493-E90F-4AD7-BF5C-6152B177A44D} = {D80DF493-E90F-4AD7-BF5C-6152B177A44D}
		{A61ADEC7-74BB-4E44-BD12-D4657970F9AF} = {A61ADEC7-74BB-4E44-BD12-D4657970F9AF}
	EndProjectSection
EndProject
Project("{8BC9CEB8-8B4A-11D0-8D11-00A0C91BC942}") = "quantizehierarchy", "..\programs\mlscompress\quantizehierarchy.vcproj", "{F464363D-5F94-441F-86B8-99E1F799533D}"
	ProjectSection(ProjectDependencies) = postProject
		{D80DF493-E90F-4AD7-BF5C-6152B177A44D} = {D80DF493-E90F-4AD7-BF5C-6152B177A44D}
		{A61ADEC7-74BB-4E44-BD12-D4657970F9AF} = {A61ADEC7-74BB-4E44-BD12-D4657970F9AF}
	EndProjectSection
EndProject
Project("{8BC9CEB8-8B4A-11D0-8D11-00A0C91BC942}") = "rangecalib", "..\programs\rtpitools\rangecalib.vcproj", "{8F901041-599A-4A80-8228-334541B0C740}"
	ProjectSection(ProjectDependencies) = postProject
		{D80DF493-E90F-4AD7-BF5C-6152B177A44D} = {D80DF493-E90F-4AD7-BF5C-6152B177A44D}
		{A61ADEC7-74BB-4E44-BD12-D4657970F9AF} = {A61ADEC7-74BB-4E44-BD12-D4657970F9AF}
	EndProjectSection
EndProject
Project("{8BC9CEB8-8B4A-11D0-8D11-00A0C91BC942}") = "removeduplicate", "..\programs\rtpitools\removeduplicate.vcproj", "{0A3DE357-E462-4EFE-AF09-DD90C73AAC71}"
	ProjectSection(ProjectDependencies) = postProject
	EndProjectSection
EndProject
Project("{8BC9CEB8-8B4A-11D0-8D11-00A0C91BC942}") = "rtpi2obj", "..\programs\rtpitools\rtpi2obj.vcproj", "{C051259B-E08E-46A1-857C-560F67522537}"
	ProjectSection(ProjectDependencies) = postProject
		{A61ADEC7-74BB-4E44-BD12-D4657970F9AF} = {A61ADEC7-74BB-4E44-BD12-D4657970F9AF}
	EndProjectSection
EndProject
Project("{8BC9CEB8-8B4A-11D0-8D11-00A0C91BC942}") = "rtpicorrect", "..\programs\rtpitools\rtpicorrect.vcproj", "{BAA87A47-11E7-495C-835E-16C87E1E001D}"
	ProjectSection(ProjectDependencies) = postProject
		{D80DF493-E90F-4AD7-BF5C-6152B177A44D} = {D80DF493-E90F-4AD7-BF5C-6152B177A44D}
		{A61ADEC7-74BB-4E44-BD12-D4657970F9AF} = {A61ADEC7-74BB-4E44-BD12-D4657970F9AF}
	EndProjectSection
EndProject
Project("{8BC9CEB8-8B4A-11D0-8D11-00A0C91BC942}") = "rtpicut", "..\programs\rtpitools\rtpicut.vcproj", "{A459E807-C480-40BD-817D-F894F5A47057}"
	ProjectSection(ProjectDependencies) = postProject
		{A61ADEC7-74BB-4E44-BD12-D4657970F9AF} = {A61ADEC7-74BB-4E44-BD12-D4657970F9AF}
	EndProjectSection
EndProject
Project("{8BC9CEB8-8B4A-11D0-8D11-00A0C91BC942}") = "rtpiequalize", "..\programs\rtpitools\rtpiequalize.vcproj", "{D58F1D9B-A8A2-4A5C-B98F-3C946FA86CB4}"
	ProjectSection(ProjectDependencies) = postProject
		{A61ADEC7-74BB-4E44-BD12-D4657970F9AF} = {A61ADEC7-74BB-4E44-BD12-D4657970F9AF}
	EndProjectSection
EndProject
Project("{8BC9CEB8-8B4A-11D0-8D11-00A0C91BC942}") = "rtpihistogram", "..\programs\rtpitools\rtpihistogram.vcproj", "{849BA22F-69DA-465C-B288-F4338FBACE52}"
	ProjectSection(ProjectDependencies) = postProject
		{A61ADEC7-74BB-4E44-BD12-D4657970F9AF} = {A61ADEC7-74BB-4E44-BD12-D4657970F9AF}
	EndProjectSection
EndProject
Project("{8BC9CEB8-8B4A-11D0-8D11-00A0C91BC942}") = "rtpiregister", "..\programs\rtpitools\rtpiregister.vcproj", "{1C8C2CFF-B659-47B9-B990-ED6EBC436A91}"
	ProjectSection(ProjectDependencies) = postProject
		{A61ADEC7-74BB-4E44-BD12-D4657970F9AF} = {A61ADEC7-74BB-4E44-BD12-D4657970F9AF}
	EndProjectSection
EndProject
Project("{8BC9CEB8-8B4A-11D0-8D11-00A0C91BC942}") = "simplify", "..\programs\simplify\simplify.vcproj", "{48D7D34C-92D4-435F-84A2-4B3EAB37B276}"
	ProjectSection(ProjectDependencies) = postProject
		{A61ADEC7-74BB-4E44-BD12-D4657970F9AF} = {A61ADEC7-74BB-4E44-BD12-D4657970F9AF}
	EndProjectSection
EndProject
Project("{8BC9CEB8-8B4A-11D0-8D11-00A0C91BC942}") = "unquantizehierarchy", "..\programs\mlscompress\unquantizehierarchy.vcproj", "{48274DD5-A1DA-4791-A0A5-C6F0E219AF00}"
	ProjectSection(ProjectDependencies) = postProject
		{D80DF493-E90F-4AD7-BF5C-6152B177A44D} = {D80DF493-E90F-4AD7-BF5C-6152B177A44D}
		{A61ADEC7-74BB-4E44-BD12-D4657970F9AF} = {A61ADEC7-74BB-4E44-BD12-D4657970F9AF}
	EndProjectSection
EndProject
Project("{8BC9CEB8-8B4A-11D0-8D11-00A0C91BC942}") = "wei2000", "..\programs\wei2000\wei2000.vcproj", "{DAE29440-2C4A-4663-A794-0789D61567A9}"
	ProjectSection(ProjectDependencies) = postProject
		{54ACFCB9-8F7F-4E2D-88A4-89A19882B9AD} = {54ACFCB9-8F7F-4E2D-88A4-89A19882B9AD}
		{A61ADEC7-74BB-4E44-BD12-D4657970F9AF} = {A61ADEC7-74BB-4E44-BD12-D4657970F9AF}
	EndProjectSection
EndProject
Project("{8BC9CEB8-8B4A-11D0-8D11-00A0C91BC942}") = "pointconvert", "..\programs\pointconvert\pointconvert.vcproj", "{2A907A02-5F93-48C3-9310-F906BE297C4D}"
	ProjectSection(ProjectDependencies) = postProject
		{A61ADEC7-74BB-4E44-BD12-D4657970F9AF} = {A61ADEC7-74BB-4E44-BD12-D4657970F9AF}
	EndProjectSection
EndProject
Global
	GlobalSection(SolutionConfiguration) = preSolution
		Debug = Debug
		ProfRelease = ProfRelease
		Release = Release
	EndGlobalSection
	GlobalSection(ProjectConfiguration) = postSolution
		{FC41CA77-17A1-42D4-99D9-D61066AD2664}.Debug.ActiveCfg = Debug|Win32
		{FC41CA77-17A1-42D4-99D9-D61066AD2664}.ProfRelease.ActiveCfg = Release|Win32
		{FC41CA77-17A1-42D4-99D9-D61066AD2664}.Release.ActiveCfg = Release|Win32
		{40444CE4-54DD-4EC3-89A6-16B9982C8CE7}.Debug.ActiveCfg = Debug|Win32
		{40444CE4-54DD-4EC3-89A6-16B9982C8CE7}.ProfRelease.ActiveCfg = Release|Win32
		{40444CE4-54DD-4EC3-89A6-16B9982C8CE7}.Release.ActiveCfg = Release|Win32
		{5D968A73-E7F3-4ED8-A7B8-4E19AA8E359E}.Debug.ActiveCfg = Debug|Win32
		{5D968A73-E7F3-4ED8-A7B8-4E19AA8E359E}.ProfRelease.ActiveCfg = Release|Win32
		{5D968A73-E7F3-4ED8-A7B8-4E19AA8E359E}.Release.ActiveCfg = Release|Win32
		{C102DE8E-0D2E-482B-88F9-D7CB052CED40}.Debug.ActiveCfg = Debug|Win32
		{C102DE8E-0D2E-482B-88F9-D7CB052CED40}.ProfRelease.ActiveCfg = Release|Win32
		{C102DE8E-0D2E-482B-88F9-D7CB052CED40}.Release.ActiveCfg = Release|Win32
		{A61ADEC7-74BB-4E44-BD12-D4657970F9AF}.Debug.ActiveCfg = Debug|Win32
		{A61ADEC7-74BB-4E44-BD12-D4657970F9AF}.Debug.Build.0 = Debug|Win32
		{A61ADEC7-74BB-4E44-BD12-D4657970F9AF}.ProfRelease.ActiveCfg = Release|Win32
		{A61ADEC7-74BB-4E44-BD12-D4657970F9AF}.ProfRelease.Build.0 = Release|Win32
		{A61ADEC7-74BB-4E44-BD12-D4657970F9AF}.Release.ActiveCfg = Release|Win32
		{A61ADEC7-74BB-4E44-BD12-D4657970F9AF}.Release.Build.0 = Release|Win32
		{CB9245B6-A51F-467E-98E3-875B23368C90}.Debug.ActiveCfg = Debug|Win32
		{CB9245B6-A51F-467E-98E3-875B23368C90}.ProfRelease.ActiveCfg = Release|Win32
		{CB9245B6-A51F-467E-98E3-875B23368C90}.Release.ActiveCfg = Release|Win32
		{AF4FB039-F6A3-4969-A2BA-B553313D9058}.Debug.ActiveCfg = Debug|Win32
		{AF4FB039-F6A3-4969-A2BA-B553313D9058}.ProfRelease.ActiveCfg = Release|Win32
		{AF4FB039-F6A3-4969-A2BA-B553313D9058}.Release.ActiveCfg = Release|Win32
		{54ACFCB9-8F7F-4E2D-88A4-89A19882B9AD}.Debug.ActiveCfg = Debug|Win32
		{54ACFCB9-8F7F-4E2D-88A4-89A19882B9AD}.ProfRelease.ActiveCfg = Release|Win32
		{54ACFCB9-8F7F-4E2D-88A4-89A19882B9AD}.Release.ActiveCfg = Release|Win32
		{55CBF245-1423-4194-8BE4-59FF73CA7BCF}.Debug.ActiveCfg = Debug|Win32
		{55CBF245-1423-4194-8BE4-59FF73CA7BCF}.ProfRelease.ActiveCfg = Release|Win32
		{55CBF245-1423-4194-8BE4-59FF73CA7BCF}.Release.ActiveCfg = Release|Win32
		{CD342996-A57B-4667-BECC-2ADDE34E64A7}.Debug.ActiveCfg = Debug|Win32
		{CD342996-A57B-4667-BECC-2ADDE34E64A7}.ProfRelease.ActiveCfg = ProfRelease|Win32
		{CD342996-A57B-4667-BECC-2ADDE34E64A7}.Release.ActiveCfg = Release|Win32
		{82F4D9B7-3E85-4CC1-8898-198883CB4769}.Debug.ActiveCfg = Debug|Win32
		{82F4D9B7-3E85-4CC1-8898-198883CB4769}.ProfRelease.ActiveCfg = ProfRelease|Win32
		{82F4D9B7-3E85-4CC1-8898-198883CB4769}.Release.ActiveCfg = Release|Win32
		{EBF02FDD-AD92-4813-9A4B-1EDDFB157151}.Debug.ActiveCfg = Debug|Win32
		{EBF02FDD-AD92-4813-9A4B-1EDDFB157151}.ProfRelease.ActiveCfg = Release|Win32
		{EBF02FDD-AD92-4813-9A4B-1EDDFB157151}.Release.ActiveCfg = Release|Win32
		{31340F68-2C73-4563-B24B-185EA1360D61}.Debug.ActiveCfg = Debug|Win32
		{31340F68-2C73-4563-B24B-185EA1360D61}.Debug.Build.0 = Debug|Win32
		{31340F68-2C73-4563-B24B-185EA1360D61}.ProfRelease.ActiveCfg = ProfRelease|Win32
		{31340F68-2C73-4563-B24B-185EA1360D61}.ProfRelease.Build.0 = ProfRelease|Win32
		{31340F68-2C73-4563-B24B-185EA1360D61}.Release.ActiveCfg = Release|Win32
		{31340F68-2C73-4563-B24B-185EA1360D61}.Release.Build.0 = Release|Win32
		{E3E2F9B0-A457-4903-A51F-DCB410A98923}.Debug.ActiveCfg = Debug|Win32
		{E3E2F9B0-A457-4903-A51F-DCB410A98923}.ProfRelease.ActiveCfg = ProfRelease|Win32
		{E3E2F9B0-A457-4903-A51F-DCB410A98923}.Release.ActiveCfg = Release|Win32
		{0AFAB16B-4243-413F-BCB8-6B4339748995}.Debug.ActiveCfg = Debug|Win32
		{0AFAB16B-4243-413F-BCB8-6B4339748995}.ProfRelease.ActiveCfg = Release|Win32
		{0AFAB16B-4243-413F-BCB8-6B4339748995}.Release.ActiveCfg = Release|Win32
		{D80DF493-E90F-4AD7-BF5C-6152B177A44D}.Debug.ActiveCfg = Debug|Win32
		{D80DF493-E90F-4AD7-BF5C-6152B177A44D}.Debug.Build.0 = Debug|Win32
		{D80DF493-E90F-4AD7-BF5C-6152B177A44D}.ProfRelease.ActiveCfg = Release|Win32
		{D80DF493-E90F-4AD7-BF5C-6152B177A44D}.ProfRelease.Build.0 = Release|Win32
		{D80DF493-E90F-4AD7-BF5C-6152B177A44D}.Release.ActiveCfg = Release|Win32
		{D80DF493-E90F-4AD7-BF5C-6152B177A44D}.Release.Build.0 = Release|Win32
		{C26C4FAA-2727-45EE-9A7C-FD5249308B70}.Debug.ActiveCfg = Debug|Win32
		{C26C4FAA-2727-45EE-9A7C-FD5249308B70}.ProfRelease.ActiveCfg = Release|Win32
		{C26C4FAA-2727-45EE-9A7C-FD5249308B70}.Release.ActiveCfg = Release|Win32
		{67139404-A9A7-4795-A6F3-0DCEB6C2C26F}.Debug.ActiveCfg = Debug|Win32
		{67139404-A9A7-4795-A6F3-0DCEB6C2C26F}.ProfRelease.ActiveCfg = Release|Win32
		{67139404-A9A7-4795-A6F3-0DCEB6C2C26F}.Release.ActiveCfg = Release|Win32
		{1FF6C7C2-314D-4D37-9C53-DC0105400035}.Debug.ActiveCfg = Debug|Win32
		{1FF6C7C2-314D-4D37-9C53-DC0105400035}.ProfRelease.ActiveCfg = Release|Win32
		{1FF6C7C2-314D-4D37-9C53-DC0105400035}.Release.ActiveCfg = Release|Win32
		{70068930-1E8C-4C7C-B230-43A58D1D83E4}.Debug.ActiveCfg = Debug|Win32
		{70068930-1E8C-4C7C-B230-43A58D1D83E4}.ProfRelease.ActiveCfg = ProfRelease|Win32
		{70068930-1E8C-4C7C-B230-43A58D1D83E4}.Release.ActiveCfg = Release|Win32
		{62082806-F2E8-40EE-A2FE-588EB0BC175A}.Debug.ActiveCfg = Debug|Win32
		{62082806-F2E8-40EE-A2FE-588EB0BC175A}.ProfRelease.ActiveCfg = Release|Win32
		{62082806-F2E8-40EE-A2FE-588EB0BC175A}.Release.ActiveCfg = Release|Win32
		{E6FF683E-E369-4CB7-88C1-D46354DCD584}.Debug.ActiveCfg = Debug|Win32
		{E6FF683E-E369-4CB7-88C1-D46354DCD584}.ProfRelease.ActiveCfg = Release|Win32
		{E6FF683E-E369-4CB7-88C1-D46354DCD584}.Release.ActiveCfg = Release|Win32
		{3B0BAC4D-CB1D-4CE7-8520-7A3D05DFD3F2}.Debug.ActiveCfg = Debug|Win32
		{3B0BAC4D-CB1D-4CE7-8520-7A3D05DFD3F2}.Debug.Build.0 = Debug|Win32
		{3B0BAC4D-CB1D-4CE7-8520-7A3D05DFD3F2}.ProfRelease.ActiveCfg = Release|Win32
		{3B0BAC4D-CB1D-4CE7-8520-7A3D05DFD3F2}.ProfRelease.Build.0 = Release|Win32
		{3B0BAC4D-CB1D-4CE7-8520-7A3D05DFD3F2}.Release.ActiveCfg = Release|Win32
		{3B0BAC4D-CB1D-4CE7-8520-7A3D05DFD3F2}.Release.Build.0 = Release|Win32
		{0AD29162-11AC-4F75-A451-62968B15A41B}.Debug.ActiveCfg = Debug|Win32
		{0AD29162-11AC-4F75-A451-62968B15A41B}.Debug.Build.0 = Debug|Win32
		{0AD29162-11AC-4F75-A451-62968B15A41B}.ProfRelease.ActiveCfg = Release|Win32
		{0AD29162-11AC-4F75-A451-62968B15A41B}.ProfRelease.Build.0 = Release|Win32
		{0AD29162-11AC-4F75-A451-62968B15A41B}.Release.ActiveCfg = Release|Win32
		{0AD29162-11AC-4F75-A451-62968B15A41B}.Release.Build.0 = Release|Win32
		{32DDA2AF-31B1-4BF0-92B9-C579851A417F}.Debug.ActiveCfg = Debug|Win32
		{32DDA2AF-31B1-4BF0-92B9-C579851A417F}.ProfRelease.ActiveCfg = Release|Win32
		{32DDA2AF-31B1-4BF0-92B9-C579851A417F}.Release.ActiveCfg = Release|Win32
		{AABAE423-B7AB-456C-88F5-870B6E7D7AB9}.Debug.ActiveCfg = Debug|Win32
		{AABAE423-B7AB-456C-88F5-870B6E7D7AB9}.ProfRelease.ActiveCfg = Release|Win32
		{AABAE423-B7AB-456C-88F5-870B6E7D7AB9}.Release.ActiveCfg = Release|Win32
		{FC625431-4763-4202-9A7E-EE06DAAFA246}.Debug.ActiveCfg = Debug|Win32
		{FC625431-4763-4202-9A7E-EE06DAAFA246}.ProfRelease.ActiveCfg = Release|Win32
		{FC625431-4763-4202-9A7E-EE06DAAFA246}.Release.ActiveCfg = Release|Win32
		{137FEA3F-A466-4B0A-911F-5B4ECBFBBE0B}.Debug.ActiveCfg = Debug|Win32
		{137FEA3F-A466-4B0A-911F-5B4ECBFBBE0B}.ProfRelease.ActiveCfg = Release|Win32
		{137FEA3F-A466-4B0A-911F-5B4ECBFBBE0B}.Release.ActiveCfg = Release|Win32
		{F464363D-5F94-441F-86B8-99E1F799533D}.Debug.ActiveCfg = Debug|Win32
		{F464363D-5F94-441F-86B8-99E1F799533D}.ProfRelease.ActiveCfg = Release|Win32
		{F464363D-5F94-441F-86B8-99E1F799533D}.Release.ActiveCfg = Release|Win32
		{8F901041-599A-4A80-8228-334541B0C740}.Debug.ActiveCfg = Debug|Win32
		{8F901041-599A-4A80-8228-334541B0C740}.ProfRelease.ActiveCfg = Release|Win32
		{8F901041-599A-4A80-8228-334541B0C740}.Release.ActiveCfg = Release|Win32
		{0A3DE357-E462-4EFE-AF09-DD90C73AAC71}.Debug.ActiveCfg = Debug|Win32
		{0A3DE357-E462-4EFE-AF09-DD90C73AAC71}.Debug.Build.0 = Debug|Win32
		{0A3DE357-E462-4EFE-AF09-DD90C73AAC71}.ProfRelease.ActiveCfg = Release|Win32
		{0A3DE357-E462-4EFE-AF09-DD90C73AAC71}.ProfRelease.Build.0 = Release|Win32
		{0A3DE357-E462-4EFE-AF09-DD90C73AAC71}.Release.ActiveCfg = Release|Win32
		{0A3DE357-E462-4EFE-AF09-DD90C73AAC71}.Release.Build.0 = Release|Win32
		{C051259B-E08E-46A1-857C-560F67522537}.Debug.ActiveCfg = Debug|Win32
		{C051259B-E08E-46A1-857C-560F67522537}.ProfRelease.ActiveCfg = Release|Win32
		{C051259B-E08E-46A1-857C-560F67522537}.Release.ActiveCfg = Release|Win32
		{BAA87A47-11E7-495C-835E-16C87E1E001D}.Debug.ActiveCfg = Debug|Win32
		{BAA87A47-11E7-495C-835E-16C87E1E001D}.ProfRelease.ActiveCfg = Release|Win32
		{BAA87A47-11E7-495C-835E-16C87E1E001D}.Release.ActiveCfg = Release|Win32
		{A459E807-C480-40BD-817D-F894F5A47057}.Debug.ActiveCfg = Debug|Win32
		{A459E807-C480-40BD-817D-F894F5A47057}.ProfRelease.ActiveCfg = Release|Win32
		{A459E807-C480-40BD-817D-F894F5A47057}.Release.ActiveCfg = Release|Win32
		{D58F1D9B-A8A2-4A5C-B98F-3C946FA86CB4}.Debug.ActiveCfg = Debug|Win32
		{D58F1D9B-A8A2-4A5C-B98F-3C946FA86CB4}.ProfRelease.ActiveCfg = Release|Win32
		{D58F1D9B-A8A2-4A5C-B98F-3C946FA86CB4}.Release.ActiveCfg = Release|Win32
		{849BA22F-69DA-465C-B288-F4338FBACE52}.Debug.ActiveCfg = Debug|Win32
		{849BA22F-69DA-465C-B288-F4338FBACE52}.ProfRelease.ActiveCfg = Release|Win32
		{849BA22F-69DA-465C-B288-F4338FBACE52}.Release.ActiveCfg = Release|Win32
		{1C8C2CFF-B659-47B9-B990-ED6EBC436A91}.Debug.ActiveCfg = Debug|Win32
		{1C8C2CFF-B659-47B9-B990-ED6EBC436A91}.ProfRelease.ActiveCfg = Release|Win32
		{1C8C2CFF-B659-47B9-B990-ED6EBC436A91}.Release.ActiveCfg = Release|Win32
		{48D7D34C-92D4-435F-84A2-4B3EAB37B276}.Debug.ActiveCfg = Debug|Win32
		{48D7D34C-92D4-435F-84A2-4B3EAB37B276}.ProfRelease.ActiveCfg = Release|Win32
		{48D7D34C-92D4-435F-84A2-4B3EAB37B276}.Release.ActiveCfg = Release|Win32
		{48274DD5-A1DA-4791-A0A5-C6F0E219AF00}.Debug.ActiveCfg = Debug|Win32
		{48274DD5-A1DA-4791-A0A5-C6F0E219AF00}.ProfRelease.ActiveCfg = Release|Win32
		{48274DD5-A1DA-4791-A0A5-C6F0E219AF00}.Release.ActiveCfg = Release|Win32
		{DAE29440-2C4A-4663-A794-0789D61567A9}.Debug.ActiveCfg = Debug|Win32
		{DAE29440-2C4A-4663-A794-0789D61567A9}.ProfRelease.ActiveCfg = ProfRelease|Win32
		{DAE29440-2C4A-4663-A794-0789D61567A9}.Release.ActiveCfg = Release|Win32
		{2A907A02-5F93-48C3-9310-F906BE297C4D}.Debug.ActiveCfg = Debug|Win32
		{2A907A02-5F93-48C3-9310-F906BE297C4D}.Debug.Build.0 = Debug|Win32
		{2A907A02-5F93-48C3-9310-F906BE297C4D}.ProfRelease.ActiveCfg = Release|Win32
		{2A907A02-5F93-48C3-9310-F906BE297C4D}.ProfRelease.Build.0 = Release|Win32
		{2A907A02-5F93-48C3-9310-F906BE297C4D}.Release.ActiveCfg = Release|Win32
		{2A907A02-5F93-48C3-9310-F906BE297C4D}.Release.Build.0 = Release|Win32
	EndGlobalSection
	GlobalSection(ExtensibilityGlobals) = postSolution
	EndGlobalSection
	GlobalSection(ExtensibilityAddIns) = postSolution
	EndGlobalSection
EndGlobal
